
Microsoft Visual Studio Solution File, Format Version 12.00
# Visual Studio Version 17
VisualStudioVersion = 17.5.33530.505
MinimumVisualStudioVersion = 10.0.40219.1
Project("{FAE04EC0-301F-11D3-BF4B-00C04F79EFBC}") = "Clinique_Projet", "Clinique_Projet\Clinique_Projet.csproj", "{8D4DACAA-3155-49AC-B5C1-3D4E6E0EA613}"
EndProject
Global
	GlobalSection(SolutionConfigurationPlatforms) = preSolution
		Debug|Any CPU = Debug|Any CPU
		Release|Any CPU = Release|Any CPU
	EndGlobalSection
	GlobalSection(ProjectConfigurationPlatforms) = postSolution
		{8D4DACAA-3155-49AC-B5C1-3D4E6E0EA613}.Debug|Any CPU.ActiveCfg = Debug|Any CPU
		{8D4DACAA-3155-49AC-B5C1-3D4E6E0EA613}.Debug|Any CPU.Build.0 = Debug|Any CPU
		{8D4DACAA-3155-49AC-B5C1-3D4E6E0EA613}.Release|Any CPU.ActiveCfg = Release|Any CPU
		{8D4DACAA-3155-49AC-B5C1-3D4E6E0EA613}.Release|Any CPU.Build.0 = Release|Any CPU
	EndGlobalSection
	GlobalSection(SolutionProperties) = preSolution
		HideSolutionNode = FALSE
	EndGlobalSection
	GlobalSection(ExtensibilityGlobals) = postSolution
		SolutionGuid = {6788802D-E03E-438B-8148-FC487C1AE957}
	EndGlobalSection
EndGlobal
